// !$*UTF8*$!
{
	archiveVersion = 1;
	classes = {
	};
	objectVersion = 50;
	objects = {

/* Begin PBXBuildFile section */
		24E1EF3224A93573004436E5 /* WWDC2020_CountdownApp.swift in Sources */ = {isa = PBXBuildFile; fileRef = 24E1EF3124A93573004436E5 /* WWDC2020_CountdownApp.swift */; };
		24E1EF3424A93573004436E5 /* ContentView.swift in Sources */ = {isa = PBXBuildFile; fileRef = 24E1EF3324A93573004436E5 /* ContentView.swift */; };
		24E1EF3624A93573004436E5 /* Assets.xcassets in Resources */ = {isa = PBXBuildFile; fileRef = 24E1EF3524A93573004436E5 /* Assets.xcassets */; };
		24E1EF3924A93573004436E5 /* Preview Assets.xcassets in Resources */ = {isa = PBXBuildFile; fileRef = 24E1EF3824A93573004436E5 /* Preview Assets.xcassets */; };
		24E1EF4424A93574004436E5 /* WWDC2020_CountdownTests.swift in Sources */ = {isa = PBXBuildFile; fileRef = 24E1EF4324A93574004436E5 /* WWDC2020_CountdownTests.swift */; };
		24E1EF4F24A93574004436E5 /* WWDC2020_CountdownUITests.swift in Sources */ = {isa = PBXBuildFile; fileRef = 24E1EF4E24A93574004436E5 /* WWDC2020_CountdownUITests.swift */; };
		24E1EF5D24A935C2004436E5 /* Countdown.swift in Sources */ = {isa = PBXBuildFile; fileRef = 24E1EF5C24A935C2004436E5 /* Countdown.swift */; };
/* End PBXBuildFile section */

/* Begin PBXContainerItemProxy section */
		24E1EF4024A93574004436E5 /* PBXContainerItemProxy */ = {
			isa = PBXContainerItemProxy;
			containerPortal = 24E1EF2624A93573004436E5 /* Project object */;
			proxyType = 1;
			remoteGlobalIDString = 24E1EF2D24A93573004436E5;
			remoteInfo = "WWDC2020 Countdown";
		};
		24E1EF4B24A93574004436E5 /* PBXContainerItemProxy */ = {
			isa = PBXContainerItemProxy;
			containerPortal = 24E1EF2624A93573004436E5 /* Project object */;
			proxyType = 1;
			remoteGlobalIDString = 24E1EF2D24A93573004436E5;
			remoteInfo = "WWDC2020 Countdown";
		};
/* End PBXContainerItemProxy section */

/* Begin PBXFileReference section */
		24E1EF2E24A93573004436E5 /* WWDC2020 Countdown.app */ = {isa = PBXFileReference; explicitFileType = wrapper.application; includeInIndex = 0; path = "WWDC2020 Countdown.app"; sourceTree = BUILT_PRODUCTS_DIR; };
		24E1EF3124A93573004436E5 /* WWDC2020_CountdownApp.swift */ = {isa = PBXFileReference; lastKnownFileType = sourcecode.swift; path = WWDC2020_CountdownApp.swift; sourceTree = "<group>"; };
		24E1EF3324A93573004436E5 /* ContentView.swift */ = {isa = PBXFileReference; lastKnownFileType = sourcecode.swift; path = ContentView.swift; sourceTree = "<group>"; };
		24E1EF3524A93573004436E5 /* Assets.xcassets */ = {isa = PBXFileReference; lastKnownFileType = folder.assetcatalog; path = Assets.xcassets; sourceTree = "<group>"; };
		24E1EF3824A93573004436E5 /* Preview Assets.xcassets */ = {isa = PBXFileReference; lastKnownFileType = folder.assetcatalog; path = "Preview Assets.xcassets"; sourceTree = "<group>"; };
		24E1EF3A24A93573004436E5 /* Info.plist */ = {isa = PBXFileReference; lastKnownFileType = text.plist.xml; path = Info.plist; sourceTree = "<group>"; };
		24E1EF3F24A93574004436E5 /* WWDC2020 CountdownTests.xctest */ = {isa = PBXFileReference; explicitFileType = wrapper.cfbundle; includeInIndex = 0; path = "WWDC2020 CountdownTests.xctest"; sourceTree = BUILT_PRODUCTS_DIR; };
		24E1EF4324A93574004436E5 /* WWDC2020_CountdownTests.swift */ = {isa = PBXFileReference; lastKnownFileType = sourcecode.swift; path = WWDC2020_CountdownTests.swift; sourceTree = "<group>"; };
		24E1EF4524A93574004436E5 /* Info.plist */ = {isa = PBXFileReference; lastKnownFileType = text.plist.xml; path = Info.plist; sourceTree = "<group>"; };
		24E1EF4A24A93574004436E5 /* WWDC2020 CountdownUITests.xctest */ = {isa = PBXFileReference; explicitFileType = wrapper.cfbundle; includeInIndex = 0; path = "WWDC2020 CountdownUITests.xctest"; sourceTree = BUILT_PRODUCTS_DIR; };
		24E1EF4E24A93574004436E5 /* WWDC2020_CountdownUITests.swift */ = {isa = PBXFileReference; lastKnownFileType = sourcecode.swift; path = WWDC2020_CountdownUITests.swift; sourceTree = "<group>"; };
		24E1EF5024A93574004436E5 /* Info.plist */ = {isa = PBXFileReference; lastKnownFileType = text.plist.xml; path = Info.plist; sourceTree = "<group>"; };
		24E1EF5C24A935C2004436E5 /* Countdown.swift */ = {isa = PBXFileReference; lastKnownFileType = sourcecode.swift; path = Countdown.swift; sourceTree = "<group>"; };
/* End PBXFileReference section */

/* Begin PBXFrameworksBuildPhase section */
		24E1EF2B24A93573004436E5 /* Frameworks */ = {
			isa = PBXFrameworksBuildPhase;
			buildActionMask = 2147483647;
			files = (
			);
			runOnlyForDeploymentPostprocessing = 0;
		};
		24E1EF3C24A93574004436E5 /* Frameworks */ = {
			isa = PBXFrameworksBuildPhase;
			buildActionMask = 2147483647;
			files = (
			);
			runOnlyForDeploymentPostprocessing = 0;
		};
		24E1EF4724A93574004436E5 /* Frameworks */ = {
			isa = PBXFrameworksBuildPhase;
			buildActionMask = 2147483647;
			files = (
			);
			runOnlyForDeploymentPostprocessing = 0;
		};
/* End PBXFrameworksBuildPhase section */

/* Begin PBXGroup section */
		24E1EF2524A93573004436E5 = {
			isa = PBXGroup;
			children = (
				24E1EF3024A93573004436E5 /* WWDC2020 Countdown */,
				24E1EF4224A93574004436E5 /* WWDC2020 CountdownTests */,
				24E1EF4D24A93574004436E5 /* WWDC2020 CountdownUITests */,
				24E1EF2F24A93573004436E5 /* Products */,
			);
			sourceTree = "<group>";
		};
		24E1EF2F24A93573004436E5 /* Products */ = {
			isa = PBXGroup;
			children = (
				24E1EF2E24A93573004436E5 /* WWDC2020 Countdown.app */,
				24E1EF3F24A93574004436E5 /* WWDC2020 CountdownTests.xctest */,
				24E1EF4A24A93574004436E5 /* WWDC2020 CountdownUITests.xctest */,
			);
			name = Products;
			sourceTree = "<group>";
		};
		24E1EF3024A93573004436E5 /* WWDC2020 Countdown */ = {
			isa = PBXGroup;
			children = (
				24E1EF3124A93573004436E5 /* WWDC2020_CountdownApp.swift */,
				24E1EF3324A93573004436E5 /* ContentView.swift */,
				24E1EF5C24A935C2004436E5 /* Countdown.swift */,
				24E1EF3524A93573004436E5 /* Assets.xcassets */,
				24E1EF3A24A93573004436E5 /* Info.plist */,
				24E1EF3724A93573004436E5 /* Preview Content */,
			);
			path = "WWDC2020 Countdown";
			sourceTree = "<group>";
		};
		24E1EF3724A93573004436E5 /* Preview Content */ = {
			isa = PBXGroup;
			children = (
				24E1EF3824A93573004436E5 /* Preview Assets.xcassets */,
			);
			path = "Preview Content";
			sourceTree = "<group>";
		};
		24E1EF4224A93574004436E5 /* WWDC2020 CountdownTests */ = {
			isa = PBXGroup;
			children = (
				24E1EF4324A93574004436E5 /* WWDC2020_CountdownTests.swift */,
				24E1EF4524A93574004436E5 /* Info.plist */,
			);
			path = "WWDC2020 CountdownTests";
			sourceTree = "<group>";
		};
		24E1EF4D24A93574004436E5 /* WWDC2020 CountdownUITests */ = {
			isa = PBXGroup;
			children = (
				24E1EF4E24A93574004436E5 /* WWDC2020_CountdownUITests.swift */,
				24E1EF5024A93574004436E5 /* Info.plist */,
			);
			path = "WWDC2020 CountdownUITests";
			sourceTree = "<group>";
		};
/* End PBXGroup section */

/* Begin PBXNativeTarget section */
		24E1EF2D24A93573004436E5 /* WWDC2020 Countdown */ = {
			isa = PBXNativeTarget;
			buildConfigurationList = 24E1EF5324A93574004436E5 /* Build configuration list for PBXNativeTarget "WWDC2020 Countdown" */;
			buildPhases = (
				24E1EF2A24A93573004436E5 /* Sources */,
				24E1EF2B24A93573004436E5 /* Frameworks */,
				24E1EF2C24A93573004436E5 /* Resources */,
			);
			buildRules = (
			);
			dependencies = (
			);
			name = "WWDC2020 Countdown";
			productName = "WWDC2020 Countdown";
			productReference = 24E1EF2E24A93573004436E5 /* WWDC2020 Countdown.app */;
			productType = "com.apple.product-type.application";
		};
		24E1EF3E24A93574004436E5 /* WWDC2020 CountdownTests */ = {
			isa = PBXNativeTarget;
			buildConfigurationList = 24E1EF5624A93574004436E5 /* Build configuration list for PBXNativeTarget "WWDC2020 CountdownTests" */;
			buildPhases = (
				24E1EF3B24A93574004436E5 /* Sources */,
				24E1EF3C24A93574004436E5 /* Frameworks */,
				24E1EF3D24A93574004436E5 /* Resources */,
			);
			buildRules = (
			);
			dependencies = (
				24E1EF4124A93574004436E5 /* PBXTargetDependency */,
			);
			name = "WWDC2020 CountdownTests";
			productName = "WWDC2020 CountdownTests";
			productReference = 24E1EF3F24A93574004436E5 /* WWDC2020 CountdownTests.xctest */;
			productType = "com.apple.product-type.bundle.unit-test";
		};
		24E1EF4924A93574004436E5 /* WWDC2020 CountdownUITests */ = {
			isa = PBXNativeTarget;
			buildConfigurationList = 24E1EF5924A93574004436E5 /* Build configuration list for PBXNativeTarget "WWDC2020 CountdownUITests" */;
			buildPhases = (
				24E1EF4624A93574004436E5 /* Sources */,
				24E1EF4724A93574004436E5 /* Frameworks */,
				24E1EF4824A93574004436E5 /* Resources */,
			);
			buildRules = (
			);
			dependencies = (
				24E1EF4C24A93574004436E5 /* PBXTargetDependency */,
			);
			name = "WWDC2020 CountdownUITests";
			productName = "WWDC2020 CountdownUITests";
			productReference = 24E1EF4A24A93574004436E5 /* WWDC2020 CountdownUITests.xctest */;
			productType = "com.apple.product-type.bundle.ui-testing";
		};
/* End PBXNativeTarget section */

/* Begin PBXProject section */
		24E1EF2624A93573004436E5 /* Project object */ = {
			isa = PBXProject;
			attributes = {
				LastSwiftUpdateCheck = 1200;
				LastUpgradeCheck = 1200;
				TargetAttributes = {
					24E1EF2D24A93573004436E5 = {
						CreatedOnToolsVersion = 12.0;
					};
					24E1EF3E24A93574004436E5 = {
						CreatedOnToolsVersion = 12.0;
						TestTargetID = 24E1EF2D24A93573004436E5;
					};
					24E1EF4924A93574004436E5 = {
						CreatedOnToolsVersion = 12.0;
						TestTargetID = 24E1EF2D24A93573004436E5;
					};
				};
			};
			buildConfigurationList = 24E1EF2924A93573004436E5 /* Build configuration list for PBXProject "WWDC2020 Countdown" */;
			compatibilityVersion = "Xcode 9.3";
			developmentRegion = en;
			hasScannedForEncodings = 0;
			knownRegions = (
				en,
				Base,
			);
			mainGroup = 24E1EF2524A93573004436E5;
			productRefGroup = 24E1EF2F24A93573004436E5 /* Products */;
			projectDirPath = "";
			projectRoot = "";
			targets = (
				24E1EF2D24A93573004436E5 /* WWDC2020 Countdown */,
				24E1EF3E24A93574004436E5 /* WWDC2020 CountdownTests */,
				24E1EF4924A93574004436E5 /* WWDC2020 CountdownUITests */,
			);
		};
/* End PBXProject section */

/* Begin PBXResourcesBuildPhase section */
		24E1EF2C24A93573004436E5 /* Resources */ = {
			isa = PBXResourcesBuildPhase;
			buildActionMask = 2147483647;
			files = (
				24E1EF3924A93573004436E5 /* Preview Assets.xcassets in Resources */,
				24E1EF3624A93573004436E5 /* Assets.xcassets in Resources */,
			);
			runOnlyForDeploymentPostprocessing = 0;
		};
		24E1EF3D24A93574004436E5 /* Resources */ = {
			isa = PBXResourcesBuildPhase;
			buildActionMask = 2147483647;
			files = (
			);
			runOnlyForDeploymentPostprocessing = 0;
		};
		24E1EF4824A93574004436E5 /* Resources */ = {
			isa = PBXResourcesBuildPhase;
			buildActionMask = 2147483647;
			files = (
			);
			runOnlyForDeploymentPostprocessing = 0;
		};
/* End PBXResourcesBuildPhase section */

/* Begin PBXSourcesBuildPhase section */
		24E1EF2A24A93573004436E5 /* Sources */ = {
			isa = PBXSourcesBuildPhase;
			buildActionMask = 2147483647;
			files = (
				24E1EF3424A93573004436E5 /* ContentView.swift in Sources */,
				24E1EF3224A93573004436E5 /* WWDC2020_CountdownApp.swift in Sources */,
				24E1EF5D24A935C2004436E5 /* Countdown.swift in Sources */,
			);
			runOnlyForDeploymentPostprocessing = 0;
		};
		24E1EF3B24A93574004436E5 /* Sources */ = {
			isa = PBXSourcesBuildPhase;
			buildActionMask = 2147483647;
			files = (
				24E1EF4424A93574004436E5 /* WWDC2020_CountdownTests.swift in Sources */,
			);
			runOnlyForDeploymentPostprocessing = 0;
		};
		24E1EF4624A93574004436E5 /* Sources */ = {
			isa = PBXSourcesBuildPhase;
			buildActionMask = 2147483647;
			files = (
				24E1EF4F24A93574004436E5 /* WWDC2020_CountdownUITests.swift in Sources */,
			);
			runOnlyForDeploymentPostprocessing = 0;
		};
/* End PBXSourcesBuildPhase section */

/* Begin PBXTargetDependency section */
		24E1EF4124A93574004436E5 /* PBXTargetDependency */ = {
			isa = PBXTargetDependency;
			target = 24E1EF2D24A93573004436E5 /* WWDC2020 Countdown */;
			targetProxy = 24E1EF4024A93574004436E5 /* PBXContainerItemProxy */;
		};
		24E1EF4C24A93574004436E5 /* PBXTargetDependency */ = {
			isa = PBXTargetDependency;
			target = 24E1EF2D24A93573004436E5 /* WWDC2020 Countdown */;
			targetProxy = 24E1EF4B24A93574004436E5 /* PBXContainerItemProxy */;
		};
/* End PBXTargetDependency section */

/* Begin XCBuildConfiguration section */
		24E1EF5124A93574004436E5 /* Debug */ = {
			isa = XCBuildConfiguration;
			buildSettings = {
				ALWAYS_SEARCH_USER_PATHS = NO;
				CLANG_ANALYZER_NONNULL = YES;
				CLANG_ANALYZER_NUMBER_OBJECT_CONVERSION = YES_AGGRESSIVE;
				CLANG_CXX_LANGUAGE_STANDARD = "gnu++14";
				CLANG_CXX_LIBRARY = "libc++";
				CLANG_ENABLE_MODULES = YES;
				CLANG_ENABLE_OBJC_ARC = YES;
				CLANG_ENABLE_OBJC_WEAK = YES;
				CLANG_WARN_BLOCK_CAPTURE_AUTORELEASING = YES;
				CLANG_WARN_BOOL_CONVERSION = YES;
				CLANG_WARN_COMMA = YES;
				CLANG_WARN_CONSTANT_CONVERSION = YES;
				CLANG_WARN_DEPRECATED_OBJC_IMPLEMENTATIONS = YES;
				CLANG_WARN_DIRECT_OBJC_ISA_USAGE = YES_ERROR;
				CLANG_WARN_DOCUMENTATION_COMMENTS = YES;
				CLANG_WARN_EMPTY_BODY = YES;
				CLANG_WARN_ENUM_CONVERSION = YES;
				CLANG_WARN_INFINITE_RECURSION = YES;
				CLANG_WARN_INT_CONVERSION = YES;
				CLANG_WARN_NON_LITERAL_NULL_CONVERSION = YES;
				CLANG_WARN_OBJC_IMPLICIT_RETAIN_SELF = YES;
				CLANG_WARN_OBJC_LITERAL_CONVERSION = YES;
				CLANG_WARN_OBJC_ROOT_CLASS = YES_ERROR;
				CLANG_WARN_QUOTED_INCLUDE_IN_FRAMEWORK_HEADER = YES;
				CLANG_WARN_RANGE_LOOP_ANALYSIS = YES;
				CLANG_WARN_STRICT_PROTOTYPES = YES;
				CLANG_WARN_SUSPICIOUS_MOVE = YES;
				CLANG_WARN_UNGUARDED_AVAILABILITY = YES_AGGRESSIVE;
				CLANG_WARN_UNREACHABLE_CODE = YES;
				CLANG_WARN__DUPLICATE_METHOD_MATCH = YES;
				COPY_PHASE_STRIP = NO;
				DEBUG_INFORMATION_FORMAT = dwarf;
				ENABLE_STRICT_OBJC_MSGSEND = YES;
				ENABLE_TESTABILITY = YES;
				GCC_C_LANGUAGE_STANDARD = gnu11;
				GCC_DYNAMIC_NO_PIC = NO;
				GCC_NO_COMMON_BLOCKS = YES;
				GCC_OPTIMIZATION_LEVEL = 0;
				GCC_PREPROCESSOR_DEFINITIONS = (
					"DEBUG=1",
					"$(inherited)",
				);
				GCC_WARN_64_TO_32_BIT_CONVERSION = YES;
				GCC_WARN_ABOUT_RETURN_TYPE = YES_ERROR;
				GCC_WARN_UNDECLARED_SELECTOR = YES;
				GCC_WARN_UNINITIALIZED_AUTOS = YES_AGGRESSIVE;
				GCC_WARN_UNUSED_FUNCTION = YES;
				GCC_WARN_UNUSED_VARIABLE = YES;
				IPHONEOS_DEPLOYMENT_TARGET = 14.0;
				MTL_ENABLE_DEBUG_INFO = INCLUDE_SOURCE;
				MTL_FAST_MATH = YES;
				ONLY_ACTIVE_ARCH = YES;
				SDKROOT = iphoneos;
				SWIFT_ACTIVE_COMPILATION_CONDITIONS = DEBUG;
				SWIFT_OPTIMIZATION_LEVEL = "-Onone";
			};
			name = Debug;
		};
		24E1EF5224A93574004436E5 /* Release */ = {
			isa = XCBuildConfiguration;
			buildSettings = {
				ALWAYS_SEARCH_USER_PATHS = NO;
				CLANG_ANALYZER_NONNULL = YES;
				CLANG_ANALYZER_NUMBER_OBJECT_CONVERSION = YES_AGGRESSIVE;
				CLANG_CXX_LANGUAGE_STANDARD = "gnu++14";
				CLANG_CXX_LIBRARY = "libc++";
				CLANG_ENABLE_MODULES = YES;
				CLANG_ENABLE_OBJC_ARC = YES;
				CLANG_ENABLE_OBJC_WEAK = YES;
				CLANG_WARN_BLOCK_CAPTURE_AUTORELEASING = YES;
				CLANG_WARN_BOOL_CONVERSION = YES;
				CLANG_WARN_COMMA = YES;
				CLANG_WARN_CONSTANT_CONVERSION = YES;
				CLANG_WARN_DEPRECATED_OBJC_IMPLEMENTATIONS = YES;
				CLANG_WARN_DIRECT_OBJC_ISA_USAGE = YES_ERROR;
				CLANG_WARN_DOCUMENTATION_COMMENTS = YES;
				CLANG_WARN_EMPTY_BODY = YES;
				CLANG_WARN_ENUM_CONVERSION = YES;
				CLANG_WARN_INFINITE_RECURSION = YES;
				CLANG_WARN_INT_CONVERSION = YES;
				CLANG_WARN_NON_LITERAL_NULL_CONVERSION = YES;
				CLANG_WARN_OBJC_IMPLICIT_RETAIN_SELF = YES;
				CLANG_WARN_OBJC_LITERAL_CONVERSION = YES;
				CLANG_WARN_OBJC_ROOT_CLASS = YES_ERROR;
				CLANG_WARN_QUOTED_INCLUDE_IN_FRAMEWORK_HEADER = YES;
				CLANG_WARN_RANGE_LOOP_ANALYSIS = YES;
				CLANG_WARN_STRICT_PROTOTYPES = YES;
				CLANG_WARN_SUSPICIOUS_MOVE = YES;
				CLANG_WARN_UNGUARDED_AVAILABILITY = YES_AGGRESSIVE;
				CLANG_WARN_UNREACHABLE_CODE = YES;
				CLANG_WARN__DUPLICATE_METHOD_MATCH = YES;
				COPY_PHASE_STRIP = NO;
				DEBUG_INFORMATION_FORMAT = "dwarf-with-dsym";
				ENABLE_NS_ASSERTIONS = NO;
				ENABLE_STRICT_OBJC_MSGSEND = YES;
				GCC_C_LANGUAGE_STANDARD = gnu11;
				GCC_NO_COMMON_BLOCKS = YES;
				GCC_WARN_64_TO_32_BIT_CONVERSION = YES;
				GCC_WARN_ABOUT_RETURN_TYPE = YES_ERROR;
				GCC_WARN_UNDECLARED_SELECTOR = YES;
				GCC_WARN_UNINITIALIZED_AUTOS = YES_AGGRESSIVE;
				GCC_WARN_UNUSED_FUNCTION = YES;
				GCC_WARN_UNUSED_VARIABLE = YES;
				IPHONEOS_DEPLOYMENT_TARGET = 14.0;
				MTL_ENABLE_DEBUG_INFO = NO;
				MTL_FAST_MATH = YES;
				SDKROOT = iphoneos;
				SWIFT_COMPILATION_MODE = wholemodule;
				SWIFT_OPTIMIZATION_LEVEL = "-O";
				VALIDATE_PRODUCT = YES;
			};
			name = Release;
		};
		24E1EF5424A93574004436E5 /* Debug */ = {
			isa = XCBuildConfiguration;
			buildSettings = {
				ASSETCATALOG_COMPILER_APPICON_NAME = AppIcon;
				ASSETCATALOG_COMPILER_GLOBAL_ACCENT_COLOR_NAME = AccentColor;
				CODE_SIGN_STYLE = Automatic;
				DEVELOPMENT_ASSET_PATHS = "\"WWDC2020 Countdown/Preview Content\"";
				DEVELOPMENT_TEAM = VRVJ9YNRQU;
				ENABLE_PREVIEWS = YES;
				INFOPLIST_FILE = "WWDC2020 Countdown/Info.plist";
				IPHONEOS_DEPLOYMENT_TARGET = 14.0;
				LD_RUNPATH_SEARCH_PATHS = (
					"$(inherited)",
					"@executable_path/Frameworks",
				);
				PRODUCT_BUNDLE_IDENTIFIER = com.photoigor.WWDC2020Countdown;
				PRODUCT_NAME = "$(TARGET_NAME)";
				SWIFT_VERSION = 5.0;
				TARGETED_DEVICE_FAMILY = "1,2";
			};
			name = Debug;
		};
		24E1EF5524A93574004436E5 /* Release */ = {
			isa = XCBuildConfiguration;
			buildSettings = {
				ASSETCATALOG_COMPILER_APPICON_NAME = AppIcon;
				ASSETCATALOG_COMPILER_GLOBAL_ACCENT_COLOR_NAME = AccentColor;
				CODE_SIGN_STYLE = Automatic;
				DEVELOPMENT_ASSET_PATHS = "\"WWDC2020 Countdown/Preview Content\"";
				DEVELOPMENT_TEAM = VRVJ9YNRQU;
				ENABLE_PREVIEWS = YES;
				INFOPLIST_FILE = "WWDC2020 Countdown/Info.plist";
				IPHONEOS_DEPLOYMENT_TARGET = 14.0;
				LD_RUNPATH_SEARCH_PATHS = (
					"$(inherited)",
					"@executable_path/Frameworks",
				);
				PRODUCT_BUNDLE_IDENTIFIER = com.photoigor.WWDC2020Countdown;
				PRODUCT_NAME = "$(TARGET_NAME)";
				SWIFT_VERSION = 5.0;
				TARGETED_DEVICE_FAMILY = "1,2";
			};
			name = Release;
		};
		24E1EF5724A93574004436E5 /* Debug */ = {
			isa = XCBuildConfiguration;
			buildSettings = {
				ALWAYS_EMBED_SWIFT_STANDARD_LIBRARIES = YES;
				BUNDLE_LOADER = "$(TEST_HOST)";
				CODE_SIGN_STYLE = Automatic;
				DEVELOPMENT_TEAM = VRVJ9YNRQU;
				INFOPLIST_FILE = "WWDC2020 CountdownTests/Info.plist";
				IPHONEOS_DEPLOYMENT_TARGET = 14.0;
				LD_RUNPATH_SEARCH_PATHS = (
					"$(inherited)",
					"@executable_path/Frameworks",
					"@loader_path/Frameworks",
				);
				PRODUCT_BUNDLE_IDENTIFIER = "com.photoigor.PulseZones.WWDC2020-CountdownTests";
				PRODUCT_NAME = "$(TARGET_NAME)";
				SWIFT_VERSION = 5.0;
				TARGETED_DEVICE_FAMILY = "1,2";
				TEST_HOST = "$(BUILT_PRODUCTS_DIR)/WWDC2020 Countdown.app/WWDC2020 Countdown";
			};
			name = Debug;
		};
		24E1EF5824A93574004436E5 /* Release */ = {
			isa = XCBuildConfiguration;
			buildSettings = {
				ALWAYS_EMBED_SWIFT_STANDARD_LIBRARIES = YES;
				BUNDLE_LOADER = "$(TEST_HOST)";
				CODE_SIGN_STYLE = Automatic;
				DEVELOPMENT_TEAM = VRVJ9YNRQU;
				INFOPLIST_FILE = "WWDC2020 CountdownTests/Info.plist";
				IPHONEOS_DEPLOYMENT_TARGET = 14.0;
				LD_RUNPATH_SEARCH_PATHS = (
					"$(inherited)",
					"@executable_path/Frameworks",
					"@loader_path/Frameworks",
				);
				PRODUCT_BUNDLE_IDENTIFIER = "com.photoigor.PulseZones.WWDC2020-CountdownTests";
				PRODUCT_NAME = "$(TARGET_NAME)";
				SWIFT_VERSION = 5.0;
				TARGETED_DEVICE_FAMILY = "1,2";
				TEST_HOST = "$(BUILT_PRODUCTS_DIR)/WWDC2020 Countdown.app/WWDC2020 Countdown";
			};
			name = Release;
		};
		24E1EF5A24A93574004436E5 /* Debug */ = {
			isa = XCBuildConfiguration;
			buildSettings = {
				ALWAYS_EMBED_SWIFT_STANDARD_LIBRARIES = YES;
				CODE_SIGN_STYLE = Automatic;
				DEVELOPMENT_TEAM = VRVJ9YNRQU;
				INFOPLIST_FILE = "WWDC2020 CountdownUITests/Info.plist";
				LD_RUNPATH_SEARCH_PATHS = (
					"$(inherited)",
					"@executable_path/Frameworks",
					"@loader_path/Frameworks",
				);
				PRODUCT_BUNDLE_IDENTIFIER = "com.photoigor.PulseZones.WWDC2020-CountdownUITests";
				PRODUCT_NAME = "$(TARGET_NAME)";
				SWIFT_VERSION = 5.0;
				TARGETED_DEVICE_FAMILY = "1,2";
				TEST_TARGET_NAME = "WWDC2020 Countdown";
			};
			name = Debug;
		};
		24E1EF5B24A93574004436E5 /* Release */ = {
			isa = XCBuildConfiguration;
			buildSettings = {
				ALWAYS_EMBED_SWIFT_STANDARD_LIBRARIES = YES;
				CODE_SIGN_STYLE = Automatic;
				DEVELOPMENT_TEAM = VRVJ9YNRQU;
				INFOPLIST_FILE = "WWDC2020 CountdownUITests/Info.plist";
				LD_RUNPATH_SEARCH_PATHS = (
					"$(inherited)",
					"@executable_path/Frameworks",
					"@loader_path/Frameworks",
				);
				PRODUCT_BUNDLE_IDENTIFIER = "com.photoigor.PulseZones.WWDC2020-CountdownUITests";
				PRODUCT_NAME = "$(TARGET_NAME)";
				SWIFT_VERSION = 5.0;
				TARGETED_DEVICE_FAMILY = "1,2";
				TEST_TARGET_NAME = "WWDC2020 Countdown";
			};
			name = Release;
		};
/* End XCBuildConfiguration section */

/* Begin XCConfigurationList section */
		24E1EF2924A93573004436E5 /* Build configuration list for PBXProject "WWDC2020 Countdown" */ = {
			isa = XCConfigurationList;
			buildConfigurations = (
				24E1EF5124A93574004436E5 /* Debug */,
				24E1EF5224A93574004436E5 /* Release */,
			);
			defaultConfigurationIsVisible = 0;
			defaultConfigurationName = Release;
		};
		24E1EF5324A93574004436E5 /* Build configuration list for PBXNativeTarget "WWDC2020 Countdown" */ = {
			isa = XCConfigurationList;
			buildConfigurations = (
				24E1EF5424A93574004436E5 /* Debug */,
				24E1EF5524A93574004436E5 /* Release */,
			);
			defaultConfigurationIsVisible = 0;
			defaultConfigurationName = Release;
		};
		24E1EF5624A93574004436E5 /* Build configuration list for PBXNativeTarget "WWDC2020 CountdownTests" */ = {
			isa = XCConfigurationList;
			buildConfigurations = (
				24E1EF5724A93574004436E5 /* Debug */,
				24E1EF5824A93574004436E5 /* Release */,
			);
			defaultConfigurationIsVisible = 0;
			defaultConfigurationName = Release;
		};
		24E1EF5924A93574004436E5 /* Build configuration list for PBXNativeTarget "WWDC2020 CountdownUITests" */ = {
			isa = XCConfigurationList;
			buildConfigurations = (
				24E1EF5A24A93574004436E5 /* Debug */,
				24E1EF5B24A93574004436E5 /* Release */,
			);
			defaultConfigurationIsVisible = 0;
			defaultConfigurationName = Release;
		};
/* End XCConfigurationList section */
	};
	rootObject = 24E1EF2624A93573004436E5 /* Project object */;
}
